
Microsoft Visual Studio Solution File, Format Version 12.00
# Visual Studio Version 17
VisualStudioVersion = 17.11.35327.3
MinimumVisualStudioVersion = 10.0.40219.1
Project("{8BC9CEB8-8B4A-11D0-8D11-00A0C91BC942}") = "TypeAny？？？？", "TypeAny？？？？.vcxproj", "{DAF6F0C8-445A-4BD6-8506-0B1576120E32}"
EndProject
Global
	GlobalSection(SolutionConfigurationPlatforms) = preSolution
		Debug|x64 = Debug|x64
		Debug|x86 = Debug|x86
		Release|x64 = Release|x64
		Release|x86 = Release|x86
	EndGlobalSection
	GlobalSection(ProjectConfigurationPlatforms) = postSolution
		{DAF6F0C8-445A-4BD6-8506-0B1576120E32}.Debug|x64.ActiveCfg = Debug|x64
		{DAF6F0C8-445A-4BD6-8506-0B1576120E32}.Debug|x64.Build.0 = Debug|x64
		{DAF6F0C8-445A-4BD6-8506-0B1576120E32}.Debug|x86.ActiveCfg = Debug|Win32
		{DAF6F0C8-445A-4BD6-8506-0B1576120E32}.Debug|x86.Build.0 = Debug|Win32
		{DAF6F0C8-445A-4BD6-8506-0B1576120E32}.Release|x64.ActiveCfg = Release|x64
		{DAF6F0C8-445A-4BD6-8506-0B1576120E32}.Release|x64.Build.0 = Release|x64
		{DAF6F0C8-445A-4BD6-8506-0B1576120E32}.Release|x86.ActiveCfg = Release|Win32
		{DAF6F0C8-445A-4BD6-8506-0B1576120E32}.Release|x86.Build.0 = Release|Win32
	EndGlobalSection
	GlobalSection(SolutionProperties) = preSolution
		HideSolutionNode = FALSE
	EndGlobalSection
	GlobalSection(ExtensibilityGlobals) = postSolution
		SolutionGuid = {7E955D07-1ECF-4C88-9CDF-6B9EC6BD02D1}
	EndGlobalSection
EndGlobal
